
Microsoft Visual Studio Solution File, Format Version 12.00
# Visual Studio Version 17
VisualStudioVersion = 17.1.32319.34
MinimumVisualStudioVersion = 10.0.40219.1
Project("{FAE04EC0-301F-11D3-BF4B-00C04F79EFBC}") = "DayOfWeek", "DayOfWeek\DayOfWeek.csproj", "{F6AA070A-AE1E-4E98-BA77-475CBC3E1DCC}"
EndProject
Project("{FAE04EC0-301F-11D3-BF4B-00C04F79EFBC}") = "ReverseAnArrayOfIntegers", "ReverseAnArrayOfIntegers\ReverseAnArrayOfIntegers.csproj", "{6FC5CD95-468B-411D-90A0-166501EBBFA1}"
EndProject
Project("{FAE04EC0-301F-11D3-BF4B-00C04F79EFBC}") = "LastKNumbersSumsSequence", "LastKNumbersSumsSequence\LastKNumbersSumsSequence.csproj", "{D156971B-FDB9-4250-BBF8-E69E8804C747}"
EndProject
Project("{FAE04EC0-301F-11D3-BF4B-00C04F79EFBC}") = "TripleSum", "TripleSum\TripleSum.csproj", "{9BFE3C07-0E20-4C2A-ACCE-1F931CA956FA}"
EndProject
Project("{FAE04EC0-301F-11D3-BF4B-00C04F79EFBC}") = "RoundingNumbersAwayFromZero", "RoundingNumbersAwayFromZero\RoundingNumbersAwayFromZero.csproj", "{8387B7BC-D034-4FE5-851E-84DBF9892E50}"
EndProject
Project("{FAE04EC0-301F-11D3-BF4B-00C04F79EFBC}") = "ReverseAnArrayOfStrings", "ReverseAnArrayOfStrings\ReverseAnArrayOfStrings.csproj", "{2EB90925-07DF-41DA-A393-A895F6BCEFDB}"
EndProject
Project("{FAE04EC0-301F-11D3-BF4B-00C04F79EFBC}") = "SumArrays", "SumArrays\SumArrays.csproj", "{847FB29F-3CE2-45B3-9B9C-E2E591A8E5F6}"
EndProject
Project("{FAE04EC0-301F-11D3-BF4B-00C04F79EFBC}") = "CondenseArrayToNumber", "CondenseArrayToNumber\CondenseArrayToNumber.csproj", "{4737B90D-051B-4370-B1D4-0BBA2BE958EA}"
EndProject
Global
	GlobalSection(SolutionConfigurationPlatforms) = preSolution
		Debug|Any CPU = Debug|Any CPU
		Release|Any CPU = Release|Any CPU
	EndGlobalSection
	GlobalSection(ProjectConfigurationPlatforms) = postSolution
		{F6AA070A-AE1E-4E98-BA77-475CBC3E1DCC}.Debug|Any CPU.ActiveCfg = Debug|Any CPU
		{F6AA070A-AE1E-4E98-BA77-475CBC3E1DCC}.Debug|Any CPU.Build.0 = Debug|Any CPU
		{F6AA070A-AE1E-4E98-BA77-475CBC3E1DCC}.Release|Any CPU.ActiveCfg = Release|Any CPU
		{F6AA070A-AE1E-4E98-BA77-475CBC3E1DCC}.Release|Any CPU.Build.0 = Release|Any CPU
		{6FC5CD95-468B-411D-90A0-166501EBBFA1}.Debug|Any CPU.ActiveCfg = Debug|Any CPU
		{6FC5CD95-468B-411D-90A0-166501EBBFA1}.Debug|Any CPU.Build.0 = Debug|Any CPU
		{6FC5CD95-468B-411D-90A0-166501EBBFA1}.Release|Any CPU.ActiveCfg = Release|Any CPU
		{6FC5CD95-468B-411D-90A0-166501EBBFA1}.Release|Any CPU.Build.0 = Release|Any CPU
		{D156971B-FDB9-4250-BBF8-E69E8804C747}.Debug|Any CPU.ActiveCfg = Debug|Any CPU
		{D156971B-FDB9-4250-BBF8-E69E8804C747}.Debug|Any CPU.Build.0 = Debug|Any CPU
		{D156971B-FDB9-4250-BBF8-E69E8804C747}.Release|Any CPU.ActiveCfg = Release|Any CPU
		{D156971B-FDB9-4250-BBF8-E69E8804C747}.Release|Any CPU.Build.0 = Release|Any CPU
		{9BFE3C07-0E20-4C2A-ACCE-1F931CA956FA}.Debug|Any CPU.ActiveCfg = Debug|Any CPU
		{9BFE3C07-0E20-4C2A-ACCE-1F931CA956FA}.Debug|Any CPU.Build.0 = Debug|Any CPU
		{9BFE3C07-0E20-4C2A-ACCE-1F931CA956FA}.Release|Any CPU.ActiveCfg = Release|Any CPU
		{9BFE3C07-0E20-4C2A-ACCE-1F931CA956FA}.Release|Any CPU.Build.0 = Release|Any CPU
		{8387B7BC-D034-4FE5-851E-84DBF9892E50}.Debug|Any CPU.ActiveCfg = Debug|Any CPU
		{8387B7BC-D034-4FE5-851E-84DBF9892E50}.Debug|Any CPU.Build.0 = Debug|Any CPU
		{8387B7BC-D034-4FE5-851E-84DBF9892E50}.Release|Any CPU.ActiveCfg = Release|Any CPU
		{8387B7BC-D034-4FE5-851E-84DBF9892E50}.Release|Any CPU.Build.0 = Release|Any CPU
		{2EB90925-07DF-41DA-A393-A895F6BCEFDB}.Debug|Any CPU.ActiveCfg = Debug|Any CPU
		{2EB90925-07DF-41DA-A393-A895F6BCEFDB}.Debug|Any CPU.Build.0 = Debug|Any CPU
		{2EB90925-07DF-41DA-A393-A895F6BCEFDB}.Release|Any CPU.ActiveCfg = Release|Any CPU
		{2EB90925-07DF-41DA-A393-A895F6BCEFDB}.Release|Any CPU.Build.0 = Release|Any CPU
		{847FB29F-3CE2-45B3-9B9C-E2E591A8E5F6}.Debug|Any CPU.ActiveCfg = Debug|Any CPU
		{847FB29F-3CE2-45B3-9B9C-E2E591A8E5F6}.Debug|Any CPU.Build.0 = Debug|Any CPU
		{847FB29F-3CE2-45B3-9B9C-E2E591A8E5F6}.Release|Any CPU.ActiveCfg = Release|Any CPU
		{847FB29F-3CE2-45B3-9B9C-E2E591A8E5F6}.Release|Any CPU.Build.0 = Release|Any CPU
		{4737B90D-051B-4370-B1D4-0BBA2BE958EA}.Debug|Any CPU.ActiveCfg = Debug|Any CPU
		{4737B90D-051B-4370-B1D4-0BBA2BE958EA}.Debug|Any CPU.Build.0 = Debug|Any CPU
		{4737B90D-051B-4370-B1D4-0BBA2BE958EA}.Release|Any CPU.ActiveCfg = Release|Any CPU
		{4737B90D-051B-4370-B1D4-0BBA2BE958EA}.Release|Any CPU.Build.0 = Release|Any CPU
	EndGlobalSection
	GlobalSection(SolutionProperties) = preSolution
		HideSolutionNode = FALSE
	EndGlobalSection
	GlobalSection(ExtensibilityGlobals) = postSolution
		SolutionGuid = {C936E42A-A5CF-48BD-A265-C04672C0EB51}
	EndGlobalSection
EndGlobal
